
Microsoft Visual Studio Solution File, Format Version 12.00
# Visual Studio Version 17
VisualStudioVersion = 17.3.32929.385
MinimumVisualStudioVersion = 10.0.40219.1
Project("{FAE04EC0-301F-11D3-BF4B-00C04F79EFBC}") = "CompilationPrinciple", "CompilationPrinciple.csproj", "{7701F642-5734-41D6-A820-A3BB03570FF2}"
EndProject
Global
	GlobalSection(SolutionConfigurationPlatforms) = preSolution
		Debug|Any CPU = Debug|Any CPU
		Release|Any CPU = Release|Any CPU
	EndGlobalSection
	GlobalSection(ProjectConfigurationPlatforms) = postSolution
		{7701F642-5734-41D6-A820-A3BB03570FF2}.Debug|Any CPU.ActiveCfg = Debug|Any CPU
		{7701F642-5734-41D6-A820-A3BB03570FF2}.Debug|Any CPU.Build.0 = Debug|Any CPU
		{7701F642-5734-41D6-A820-A3BB03570FF2}.Release|Any CPU.ActiveCfg = Release|Any CPU
		{7701F642-5734-41D6-A820-A3BB03570FF2}.Release|Any CPU.Build.0 = Release|Any CPU
	EndGlobalSection
	GlobalSection(SolutionProperties) = preSolution
		HideSolutionNode = FALSE
	EndGlobalSection
	GlobalSection(ExtensibilityGlobals) = postSolution
		SolutionGuid = {0609D4BC-AAED-4162-817B-68BBE8A2E166}
	EndGlobalSection
EndGlobal
